
Microsoft Visual Studio Solution File, Format Version 12.00
# Visual Studio Version 16
VisualStudioVersion = 16.0.30204.135
MinimumVisualStudioVersion = 10.0.40219.1
Project("{FAE04EC0-301F-11D3-BF4B-00C04F79EFBC}") = "QA_exercise", "QA_exercise.csproj", "{02189619-E94D-41AD-BA98-D9C811453658}"
EndProject
Global
	GlobalSection(SolutionConfigurationPlatforms) = preSolution
		Debug|Any CPU = Debug|Any CPU
		Release|Any CPU = Release|Any CPU
	EndGlobalSection
	GlobalSection(ProjectConfigurationPlatforms) = postSolution
		{02189619-E94D-41AD-BA98-D9C811453658}.Debug|Any CPU.ActiveCfg = Debug|Any CPU
		{02189619-E94D-41AD-BA98-D9C811453658}.Debug|Any CPU.Build.0 = Debug|Any CPU
		{02189619-E94D-41AD-BA98-D9C811453658}.Release|Any CPU.ActiveCfg = Release|Any CPU
		{02189619-E94D-41AD-BA98-D9C811453658}.Release|Any CPU.Build.0 = Release|Any CPU
	EndGlobalSection
	GlobalSection(SolutionProperties) = preSolution
		HideSolutionNode = FALSE
	EndGlobalSection
	GlobalSection(ExtensibilityGlobals) = postSolution
		SolutionGuid = {D348F945-CDCF-425F-9EF4-B6A5E5ECD53E}
	EndGlobalSection
EndGlobal
